
Microsoft Visual Studio Solution File, Format Version 12.00
# Visual Studio Version 16
VisualStudioVersion = 16.0.32106.194
MinimumVisualStudioVersion = 10.0.40219.1
Project("{8BC9CEB8-8B4A-11D0-8D11-00A0C91BC942}") = "BubbleGame", "BubbleGame\BubbleGame.vcxproj", "{D7AB4A00-891D-461A-A8F8-DC9701C308D1}"
EndProject
Global
	GlobalSection(SolutionConfigurationPlatforms) = preSolution
		Debug|x64 = Debug|x64
		Debug|x86 = Debug|x86
		Release|x64 = Release|x64
		Release|x86 = Release|x86
	EndGlobalSection
	GlobalSection(ProjectConfigurationPlatforms) = postSolution
		{D7AB4A00-891D-461A-A8F8-DC9701C308D1}.Debug|x64.ActiveCfg = Debug|x64
		{D7AB4A00-891D-461A-A8F8-DC9701C308D1}.Debug|x64.Build.0 = Debug|x64
		{D7AB4A00-891D-461A-A8F8-DC9701C308D1}.Debug|x86.ActiveCfg = Debug|Win32
		{D7AB4A00-891D-461A-A8F8-DC9701C308D1}.Debug|x86.Build.0 = Debug|Win32
		{D7AB4A00-891D-461A-A8F8-DC9701C308D1}.Release|x64.ActiveCfg = Release|x64
		{D7AB4A00-891D-461A-A8F8-DC9701C308D1}.Release|x64.Build.0 = Release|x64
		{D7AB4A00-891D-461A-A8F8-DC9701C308D1}.Release|x86.ActiveCfg = Release|Win32
		{D7AB4A00-891D-461A-A8F8-DC9701C308D1}.Release|x86.Build.0 = Release|Win32
	EndGlobalSection
	GlobalSection(SolutionProperties) = preSolution
		HideSolutionNode = FALSE
	EndGlobalSection
	GlobalSection(ExtensibilityGlobals) = postSolution
		SolutionGuid = {34880E06-0AF2-40F7-B67C-41F3874434DC}
	EndGlobalSection
EndGlobal
